
Microsoft Visual Studio Solution File, Format Version 12.00
# Visual Studio Version 17
VisualStudioVersion = 17.14.37628.2 d17.14
MinimumVisualStudioVersion = 10.0.40219.1
Project("{FAE04EC0-301F-11D3-BF4B-00C04F79EFBC}") = "Bai2.3mangmotchieu", "Bai2.3mangmotchieu\Bai2.3mangmotchieu.csproj", "{D07FAB87-7111-4FCD-BF57-898192701EB7}"
EndProject
Global
	GlobalSection(SolutionConfigurationPlatforms) = preSolution
		Debug|Any CPU = Debug|Any CPU
		Release|Any CPU = Release|Any CPU
	EndGlobalSection
	GlobalSection(ProjectConfigurationPlatforms) = postSolution
		{D07FAB87-7111-4FCD-BF57-898192701EB7}.Debug|Any CPU.ActiveCfg = Debug|Any CPU
		{D07FAB87-7111-4FCD-BF57-898192701EB7}.Debug|Any CPU.Build.0 = Debug|Any CPU
		{D07FAB87-7111-4FCD-BF57-898192701EB7}.Release|Any CPU.ActiveCfg = Release|Any CPU
		{D07FAB87-7111-4FCD-BF57-898192701EB7}.Release|Any CPU.Build.0 = Release|Any CPU
	EndGlobalSection
	GlobalSection(SolutionProperties) = preSolution
		HideSolutionNode = FALSE
	EndGlobalSection
	GlobalSection(ExtensibilityGlobals) = postSolution
		SolutionGuid = {078B3DAC-5658-4D27-8D1A-6C1C751B1E5B}
	EndGlobalSection
EndGlobal
