
Microsoft Visual Studio Solution File, Format Version 12.00
# Visual Studio Version 17
VisualStudioVersion = 17.14.37628.2 d17.14
MinimumVisualStudioVersion = 10.0.40219.1
Project("{FAE04EC0-301F-11D3-BF4B-00C04F79EFBC}") = "Bai2.3", "Bai2.3\Bai2.3.csproj", "{B9344553-7251-40F8-81F3-4C35C8546641}"
EndProject
Global
	GlobalSection(SolutionConfigurationPlatforms) = preSolution
		Debug|Any CPU = Debug|Any CPU
		Release|Any CPU = Release|Any CPU
	EndGlobalSection
	GlobalSection(ProjectConfigurationPlatforms) = postSolution
		{B9344553-7251-40F8-81F3-4C35C8546641}.Debug|Any CPU.ActiveCfg = Debug|Any CPU
		{B9344553-7251-40F8-81F3-4C35C8546641}.Debug|Any CPU.Build.0 = Debug|Any CPU
		{B9344553-7251-40F8-81F3-4C35C8546641}.Release|Any CPU.ActiveCfg = Release|Any CPU
		{B9344553-7251-40F8-81F3-4C35C8546641}.Release|Any CPU.Build.0 = Release|Any CPU
	EndGlobalSection
	GlobalSection(SolutionProperties) = preSolution
		HideSolutionNode = FALSE
	EndGlobalSection
	GlobalSection(ExtensibilityGlobals) = postSolution
		SolutionGuid = {D92FE5D4-0441-489F-97E2-409687FE07EE}
	EndGlobalSection
EndGlobal
