
Microsoft Visual Studio Solution File, Format Version 12.00
# Visual Studio Version 17
VisualStudioVersion = 17.14.37628.2 d17.14
MinimumVisualStudioVersion = 10.0.40219.1
Project("{FAE04EC0-301F-11D3-BF4B-00C04F79EFBC}") = "Bai2.1", "Bai2.1\Bai2.1.csproj", "{1ABB33B9-2789-4968-B22B-3F987AF1E452}"
EndProject
Global
	GlobalSection(SolutionConfigurationPlatforms) = preSolution
		Debug|Any CPU = Debug|Any CPU
		Release|Any CPU = Release|Any CPU
	EndGlobalSection
	GlobalSection(ProjectConfigurationPlatforms) = postSolution
		{1ABB33B9-2789-4968-B22B-3F987AF1E452}.Debug|Any CPU.ActiveCfg = Debug|Any CPU
		{1ABB33B9-2789-4968-B22B-3F987AF1E452}.Debug|Any CPU.Build.0 = Debug|Any CPU
		{1ABB33B9-2789-4968-B22B-3F987AF1E452}.Release|Any CPU.ActiveCfg = Release|Any CPU
		{1ABB33B9-2789-4968-B22B-3F987AF1E452}.Release|Any CPU.Build.0 = Release|Any CPU
	EndGlobalSection
	GlobalSection(SolutionProperties) = preSolution
		HideSolutionNode = FALSE
	EndGlobalSection
	GlobalSection(ExtensibilityGlobals) = postSolution
		SolutionGuid = {8CF929D3-D40E-4362-A40C-F1A076B7F8AB}
	EndGlobalSection
EndGlobal
