
Microsoft Visual Studio Solution File, Format Version 12.00
# Visual Studio Version 17
VisualStudioVersion = 17.14.37628.2 d17.14
MinimumVisualStudioVersion = 10.0.40219.1
Project("{FAE04EC0-301F-11D3-BF4B-00C04F79EFBC}") = "Bai2.5", "Bai2.5\Bai2.5.csproj", "{49C80D35-EE07-44E7-B831-0CBCB646FE84}"
EndProject
Global
	GlobalSection(SolutionConfigurationPlatforms) = preSolution
		Debug|Any CPU = Debug|Any CPU
		Release|Any CPU = Release|Any CPU
	EndGlobalSection
	GlobalSection(ProjectConfigurationPlatforms) = postSolution
		{49C80D35-EE07-44E7-B831-0CBCB646FE84}.Debug|Any CPU.ActiveCfg = Debug|Any CPU
		{49C80D35-EE07-44E7-B831-0CBCB646FE84}.Debug|Any CPU.Build.0 = Debug|Any CPU
		{49C80D35-EE07-44E7-B831-0CBCB646FE84}.Release|Any CPU.ActiveCfg = Release|Any CPU
		{49C80D35-EE07-44E7-B831-0CBCB646FE84}.Release|Any CPU.Build.0 = Release|Any CPU
	EndGlobalSection
	GlobalSection(SolutionProperties) = preSolution
		HideSolutionNode = FALSE
	EndGlobalSection
	GlobalSection(ExtensibilityGlobals) = postSolution
		SolutionGuid = {4BE544BE-9CC3-437D-9526-FA409979631D}
	EndGlobalSection
EndGlobal
