
Microsoft Visual Studio Solution File, Format Version 12.00
# Visual Studio Version 17
VisualStudioVersion = 17.14.37628.2 d17.14
MinimumVisualStudioVersion = 10.0.40219.1
Project("{FAE04EC0-301F-11D3-BF4B-00C04F79EFBC}") = "Bai2.4Manghaichieu", "Bai2.4Manghaichieu\Bai2.4Manghaichieu.csproj", "{11548786-A40D-4A4A-86A4-88B04BB68B1A}"
EndProject
Global
	GlobalSection(SolutionConfigurationPlatforms) = preSolution
		Debug|Any CPU = Debug|Any CPU
		Release|Any CPU = Release|Any CPU
	EndGlobalSection
	GlobalSection(ProjectConfigurationPlatforms) = postSolution
		{11548786-A40D-4A4A-86A4-88B04BB68B1A}.Debug|Any CPU.ActiveCfg = Debug|Any CPU
		{11548786-A40D-4A4A-86A4-88B04BB68B1A}.Debug|Any CPU.Build.0 = Debug|Any CPU
		{11548786-A40D-4A4A-86A4-88B04BB68B1A}.Release|Any CPU.ActiveCfg = Release|Any CPU
		{11548786-A40D-4A4A-86A4-88B04BB68B1A}.Release|Any CPU.Build.0 = Release|Any CPU
	EndGlobalSection
	GlobalSection(SolutionProperties) = preSolution
		HideSolutionNode = FALSE
	EndGlobalSection
	GlobalSection(ExtensibilityGlobals) = postSolution
		SolutionGuid = {3D78F82A-94AD-4FAA-ACDE-3E09FEA3836E}
	EndGlobalSection
EndGlobal
