
Microsoft Visual Studio Solution File, Format Version 12.00
# Visual Studio Version 17
VisualStudioVersion = 17.14.37628.2 d17.14
MinimumVisualStudioVersion = 10.0.40219.1
Project("{FAE04EC0-301F-11D3-BF4B-00C04F79EFBC}") = "Bai3.5", "Bai3.5\Bai3.5.csproj", "{1C0276E0-A7E7-4E1F-B4F5-C564662FF512}"
EndProject
Global
	GlobalSection(SolutionConfigurationPlatforms) = preSolution
		Debug|Any CPU = Debug|Any CPU
		Release|Any CPU = Release|Any CPU
	EndGlobalSection
	GlobalSection(ProjectConfigurationPlatforms) = postSolution
		{1C0276E0-A7E7-4E1F-B4F5-C564662FF512}.Debug|Any CPU.ActiveCfg = Debug|Any CPU
		{1C0276E0-A7E7-4E1F-B4F5-C564662FF512}.Debug|Any CPU.Build.0 = Debug|Any CPU
		{1C0276E0-A7E7-4E1F-B4F5-C564662FF512}.Release|Any CPU.ActiveCfg = Release|Any CPU
		{1C0276E0-A7E7-4E1F-B4F5-C564662FF512}.Release|Any CPU.Build.0 = Release|Any CPU
	EndGlobalSection
	GlobalSection(SolutionProperties) = preSolution
		HideSolutionNode = FALSE
	EndGlobalSection
	GlobalSection(ExtensibilityGlobals) = postSolution
		SolutionGuid = {F924DAAF-4B35-4DB0-91E8-CE80167B9992}
	EndGlobalSection
EndGlobal
