
Microsoft Visual Studio Solution File, Format Version 12.00
# Visual Studio Version 17
VisualStudioVersion = 17.14.37628.2 d17.14
MinimumVisualStudioVersion = 10.0.40219.1
Project("{FAE04EC0-301F-11D3-BF4B-00C04F79EFBC}") = "Bai2.4", "Bai2.4\Bai2.4.csproj", "{886F2DFF-2976-4898-A882-696E17F80013}"
EndProject
Global
	GlobalSection(SolutionConfigurationPlatforms) = preSolution
		Debug|Any CPU = Debug|Any CPU
		Release|Any CPU = Release|Any CPU
	EndGlobalSection
	GlobalSection(ProjectConfigurationPlatforms) = postSolution
		{886F2DFF-2976-4898-A882-696E17F80013}.Debug|Any CPU.ActiveCfg = Debug|Any CPU
		{886F2DFF-2976-4898-A882-696E17F80013}.Debug|Any CPU.Build.0 = Debug|Any CPU
		{886F2DFF-2976-4898-A882-696E17F80013}.Release|Any CPU.ActiveCfg = Release|Any CPU
		{886F2DFF-2976-4898-A882-696E17F80013}.Release|Any CPU.Build.0 = Release|Any CPU
	EndGlobalSection
	GlobalSection(SolutionProperties) = preSolution
		HideSolutionNode = FALSE
	EndGlobalSection
	GlobalSection(ExtensibilityGlobals) = postSolution
		SolutionGuid = {45D9FA83-E4FA-4A18-A089-CA4787E6EC32}
	EndGlobalSection
EndGlobal
